// !$*UTF8*$!
{
	archiveVersion = 1;
	classes = {
	};
	objectVersion = 51;
	objects = {

/* Begin PBXBuildFile section */
		370AADEDEBF4B3FE2F7DA27A /* Pods_CovidGains.framework in Frameworks */ = {isa = PBXBuildFile; fileRef = DBB4CF8CE13FA0D31D30D5E6 /* Pods_CovidGains.framework */; };
		3F0173662579E808006CC316 /* RegisterViewController.swift in Sources */ = {isa = PBXBuildFile; fileRef = 3F0173652579E808006CC316 /* RegisterViewController.swift */; };
		3F0173692579FD07006CC316 /* LoginViewController.swift in Sources */ = {isa = PBXBuildFile; fileRef = 3F0173682579FD07006CC316 /* LoginViewController.swift */; };
		3FAAB7E325D74FAA0050193F /* RecipeTableView.swift in Sources */ = {isa = PBXBuildFile; fileRef = 3FAAB7E225D74FAA0050193F /* RecipeTableView.swift */; };
		3FAAB7FC25D851970050193F /* RecipeDetailViewController.swift in Sources */ = {isa = PBXBuildFile; fileRef = 3FAAB7FB25D851970050193F /* RecipeDetailViewController.swift */; };
		3FC8C5C5257AEA740006A932 /* BMIViewController.swift in Sources */ = {isa = PBXBuildFile; fileRef = 3FC8C5C4257AEA740006A932 /* BMIViewController.swift */; };
		3FC8C5CA257B125A0006A932 /* SecondViewController.swift in Sources */ = {isa = PBXBuildFile; fileRef = 3FC8C5C9257B12590006A932 /* SecondViewController.swift */; };
		4643CA5B25B8FDFF00A29078 /* CovidGainsUITests.swift in Sources */ = {isa = PBXBuildFile; fileRef = 4643CA5A25B8FDFF00A29078 /* CovidGainsUITests.swift */; };
		64CE591825C5D43E00E3CEC9 /* CovidGainsTests.swift in Sources */ = {isa = PBXBuildFile; fileRef = 64CE591725C5D43E00E3CEC9 /* CovidGainsTests.swift */; };
		64CE592425C5EF1000E3CEC9 /* TestNotesTableViewController.swift in Sources */ = {isa = PBXBuildFile; fileRef = 64CE592325C5EF1000E3CEC9 /* TestNotesTableViewController.swift */; };
		D80CBB6325799EDE00841B25 /* Podfile in Resources */ = {isa = PBXBuildFile; fileRef = D80CBB6225799EDE00841B25 /* Podfile */; };
		D8292891258A716400D75DBA /* NotificationTableViewController.swift in Sources */ = {isa = PBXBuildFile; fileRef = D8292890258A716400D75DBA /* NotificationTableViewController.swift */; };
		D8292893258A743000D75DBA /* AddViewController.swift in Sources */ = {isa = PBXBuildFile; fileRef = D8292892258A743000D75DBA /* AddViewController.swift */; };
		D8292895258AD43500D75DBA /* DetailViewController.swift in Sources */ = {isa = PBXBuildFile; fileRef = D8292894258AD43500D75DBA /* DetailViewController.swift */; };
		D88D259325EB424E0020A30A /* AddNewBudgetViewController.swift in Sources */ = {isa = PBXBuildFile; fileRef = D88D259225EB424E0020A30A /* AddNewBudgetViewController.swift */; };
		D89062102579ADC40062A2DC /* GoogleService-Info.plist in Resources */ = {isa = PBXBuildFile; fileRef = D890620F2579ADC40062A2DC /* GoogleService-Info.plist */; };
		D893521B2579620E005F2F4C /* NotesTableViewController.swift in Sources */ = {isa = PBXBuildFile; fileRef = D893521A2579620E005F2F4C /* NotesTableViewController.swift */; };
		D893521D2579688B005F2F4C /* EditNoteViewController.swift in Sources */ = {isa = PBXBuildFile; fileRef = D893521C2579688B005F2F4C /* EditNoteViewController.swift */; };
		D8CCC893250ED1D10005C4B3 /* AppDelegate.swift in Sources */ = {isa = PBXBuildFile; fileRef = D8CCC892250ED1D10005C4B3 /* AppDelegate.swift */; };
		D8CCC895250ED1D10005C4B3 /* SceneDelegate.swift in Sources */ = {isa = PBXBuildFile; fileRef = D8CCC894250ED1D10005C4B3 /* SceneDelegate.swift */; };
		D8CCC897250ED1D10005C4B3 /* ViewController.swift in Sources */ = {isa = PBXBuildFile; fileRef = D8CCC896250ED1D10005C4B3 /* ViewController.swift */; };
		D8CCC89A250ED1D10005C4B3 /* Main.storyboard in Resources */ = {isa = PBXBuildFile; fileRef = D8CCC898250ED1D10005C4B3 /* Main.storyboard */; };
		D8CCC89C250ED1D30005C4B3 /* Assets.xcassets in Resources */ = {isa = PBXBuildFile; fileRef = D8CCC89B250ED1D30005C4B3 /* Assets.xcassets */; };
		D8DD73DE257553F30047EDDB /* noteSaving.xcdatamodeld in Sources */ = {isa = PBXBuildFile; fileRef = D8DD73DC257553F30047EDDB /* noteSaving.xcdatamodeld */; };
		E1C8D7CA257AA28800F6833C /* BudgetViewController.swift in Sources */ = {isa = PBXBuildFile; fileRef = E1C8D7C9257AA28800F6833C /* BudgetViewController.swift */; };
/* End PBXBuildFile section */

/* Begin PBXContainerItemProxy section */
		4643CA5D25B8FDFF00A29078 /* PBXContainerItemProxy */ = {
			isa = PBXContainerItemProxy;
			containerPortal = D8CCC887250ED1D10005C4B3 /* Project object */;
			proxyType = 1;
			remoteGlobalIDString = D8CCC88E250ED1D10005C4B3;
			remoteInfo = CovidGains;
		};
		64CE591A25C5D43E00E3CEC9 /* PBXContainerItemProxy */ = {
			isa = PBXContainerItemProxy;
			containerPortal = D8CCC887250ED1D10005C4B3 /* Project object */;
			proxyType = 1;
			remoteGlobalIDString = D8CCC88E250ED1D10005C4B3;
			remoteInfo = CovidGains;
		};
/* End PBXContainerItemProxy section */

/* Begin PBXFileReference section */
		3F0173652579E808006CC316 /* RegisterViewController.swift */ = {isa = PBXFileReference; lastKnownFileType = sourcecode.swift; path = RegisterViewController.swift; sourceTree = "<group>"; };
		3F0173682579FD07006CC316 /* LoginViewController.swift */ = {isa = PBXFileReference; lastKnownFileType = sourcecode.swift; path = LoginViewController.swift; sourceTree = "<group>"; };
		3FAAB7E225D74FAA0050193F /* RecipeTableView.swift */ = {isa = PBXFileReference; lastKnownFileType = sourcecode.swift; path = RecipeTableView.swift; sourceTree = "<group>"; };
		3FAAB7FB25D851970050193F /* RecipeDetailViewController.swift */ = {isa = PBXFileReference; lastKnownFileType = sourcecode.swift; path = RecipeDetailViewController.swift; sourceTree = "<group>"; };
		3FC8C5C4257AEA740006A932 /* BMIViewController.swift */ = {isa = PBXFileReference; lastKnownFileType = sourcecode.swift; path = BMIViewController.swift; sourceTree = "<group>"; };
		3FC8C5C9257B12590006A932 /* SecondViewController.swift */ = {isa = PBXFileReference; lastKnownFileType = sourcecode.swift; path = SecondViewController.swift; sourceTree = "<group>"; };
		4643CA5825B8FDFF00A29078 /* CovidGainsUITests.xctest */ = {isa = PBXFileReference; explicitFileType = wrapper.cfbundle; includeInIndex = 0; path = CovidGainsUITests.xctest; sourceTree = BUILT_PRODUCTS_DIR; };
		4643CA5A25B8FDFF00A29078 /* CovidGainsUITests.swift */ = {isa = PBXFileReference; lastKnownFileType = sourcecode.swift; path = CovidGainsUITests.swift; sourceTree = "<group>"; };
		4643CA5C25B8FDFF00A29078 /* Info.plist */ = {isa = PBXFileReference; lastKnownFileType = text.plist.xml; path = Info.plist; sourceTree = "<group>"; };
		64CE591025C5D32200E3CEC9 /* CovidGains copy-Info.plist */ = {isa = PBXFileReference; lastKnownFileType = text.plist.xml; name = "CovidGains copy-Info.plist"; path = "/Users/rtcarey/Documents/CovidGains/CovidGains copy-Info.plist"; sourceTree = "<absolute>"; };
		64CE591525C5D43E00E3CEC9 /* CovidGainsTests.xctest */ = {isa = PBXFileReference; explicitFileType = wrapper.cfbundle; includeInIndex = 0; path = CovidGainsTests.xctest; sourceTree = BUILT_PRODUCTS_DIR; };
		64CE591725C5D43E00E3CEC9 /* CovidGainsTests.swift */ = {isa = PBXFileReference; lastKnownFileType = sourcecode.swift; path = CovidGainsTests.swift; sourceTree = "<group>"; };
		64CE591925C5D43E00E3CEC9 /* Info.plist */ = {isa = PBXFileReference; lastKnownFileType = text.plist.xml; path = Info.plist; sourceTree = "<group>"; };
		64CE592325C5EF1000E3CEC9 /* TestNotesTableViewController.swift */ = {isa = PBXFileReference; lastKnownFileType = sourcecode.swift; path = TestNotesTableViewController.swift; sourceTree = "<group>"; };
		7EA0B37E93DC36D2EADDC86C /* Pods-CovidGains.debug.xcconfig */ = {isa = PBXFileReference; includeInIndex = 1; lastKnownFileType = text.xcconfig; name = "Pods-CovidGains.debug.xcconfig"; path = "Target Support Files/Pods-CovidGains/Pods-CovidGains.debug.xcconfig"; sourceTree = "<group>"; };
		D29E1844A857054081D81DAE /* Pods-CovidGains.release.xcconfig */ = {isa = PBXFileReference; includeInIndex = 1; lastKnownFileType = text.xcconfig; name = "Pods-CovidGains.release.xcconfig"; path = "Target Support Files/Pods-CovidGains/Pods-CovidGains.release.xcconfig"; sourceTree = "<group>"; };
		D80CBB6225799EDE00841B25 /* Podfile */ = {isa = PBXFileReference; fileEncoding = 4; lastKnownFileType = text; path = Podfile; sourceTree = SOURCE_ROOT; xcLanguageSpecificationIdentifier = xcode.lang.ruby; };
		D8292890258A716400D75DBA /* NotificationTableViewController.swift */ = {isa = PBXFileReference; lastKnownFileType = sourcecode.swift; path = NotificationTableViewController.swift; sourceTree = "<group>"; };
		D8292892258A743000D75DBA /* AddViewController.swift */ = {isa = PBXFileReference; lastKnownFileType = sourcecode.swift; path = AddViewController.swift; sourceTree = "<group>"; };
		D8292894258AD43500D75DBA /* DetailViewController.swift */ = {isa = PBXFileReference; lastKnownFileType = sourcecode.swift; path = DetailViewController.swift; sourceTree = "<group>"; };
		D88D259225EB424E0020A30A /* AddNewBudgetViewController.swift */ = {isa = PBXFileReference; lastKnownFileType = sourcecode.swift; path = AddNewBudgetViewController.swift; sourceTree = "<group>"; };
		D890620F2579ADC40062A2DC /* GoogleService-Info.plist */ = {isa = PBXFileReference; fileEncoding = 4; lastKnownFileType = text.plist.xml; path = "GoogleService-Info.plist"; sourceTree = "<group>"; };
		D893521A2579620E005F2F4C /* NotesTableViewController.swift */ = {isa = PBXFileReference; lastKnownFileType = sourcecode.swift; path = NotesTableViewController.swift; sourceTree = "<group>"; };
		D893521C2579688B005F2F4C /* EditNoteViewController.swift */ = {isa = PBXFileReference; lastKnownFileType = sourcecode.swift; path = EditNoteViewController.swift; sourceTree = "<group>"; };
		D8CCC88F250ED1D10005C4B3 /* CovidGains.app */ = {isa = PBXFileReference; explicitFileType = wrapper.application; includeInIndex = 0; path = CovidGains.app; sourceTree = BUILT_PRODUCTS_DIR; };
		D8CCC892250ED1D10005C4B3 /* AppDelegate.swift */ = {isa = PBXFileReference; lastKnownFileType = sourcecode.swift; path = AppDelegate.swift; sourceTree = "<group>"; };
		D8CCC894250ED1D10005C4B3 /* SceneDelegate.swift */ = {isa = PBXFileReference; lastKnownFileType = sourcecode.swift; path = SceneDelegate.swift; sourceTree = "<group>"; };
		D8CCC896250ED1D10005C4B3 /* ViewController.swift */ = {isa = PBXFileReference; lastKnownFileType = sourcecode.swift; path = ViewController.swift; sourceTree = "<group>"; };
		D8CCC899250ED1D10005C4B3 /* Base */ = {isa = PBXFileReference; lastKnownFileType = file.storyboard; name = Base; path = Base.lproj/Main.storyboard; sourceTree = "<group>"; };
		D8CCC89B250ED1D30005C4B3 /* Assets.xcassets */ = {isa = PBXFileReference; lastKnownFileType = folder.assetcatalog; path = Assets.xcassets; sourceTree = "<group>"; };
		D8CCC8A0250ED1D30005C4B3 /* Info.plist */ = {isa = PBXFileReference; lastKnownFileType = text.plist.xml; path = Info.plist; sourceTree = "<group>"; };
		D8DD73DD257553F30047EDDB /* noteSaving.xcdatamodel */ = {isa = PBXFileReference; lastKnownFileType = wrapper.xcdatamodel; path = noteSaving.xcdatamodel; sourceTree = "<group>"; };
		DBB4CF8CE13FA0D31D30D5E6 /* Pods_CovidGains.framework */ = {isa = PBXFileReference; explicitFileType = wrapper.framework; includeInIndex = 0; path = Pods_CovidGains.framework; sourceTree = BUILT_PRODUCTS_DIR; };
		E1C8D7C9257AA28800F6833C /* BudgetViewController.swift */ = {isa = PBXFileReference; lastKnownFileType = sourcecode.swift; path = BudgetViewController.swift; sourceTree = "<group>"; };
/* End PBXFileReference section */

/* Begin PBXFrameworksBuildPhase section */
		4643CA5525B8FDFF00A29078 /* Frameworks */ = {
			isa = PBXFrameworksBuildPhase;
			buildActionMask = 2147483647;
			files = (
			);
			runOnlyForDeploymentPostprocessing = 0;
		};
		64CE591225C5D43E00E3CEC9 /* Frameworks */ = {
			isa = PBXFrameworksBuildPhase;
			buildActionMask = 2147483647;
			files = (
			);
			runOnlyForDeploymentPostprocessing = 0;
		};
		D8CCC88C250ED1D10005C4B3 /* Frameworks */ = {
			isa = PBXFrameworksBuildPhase;
			buildActionMask = 2147483647;
			files = (
				370AADEDEBF4B3FE2F7DA27A /* Pods_CovidGains.framework in Frameworks */,
			);
			runOnlyForDeploymentPostprocessing = 0;
		};
/* End PBXFrameworksBuildPhase section */

/* Begin PBXGroup section */
		3C8735CF74233EDC8E9B230D /* Frameworks */ = {
			isa = PBXGroup;
			children = (
				DBB4CF8CE13FA0D31D30D5E6 /* Pods_CovidGains.framework */,
			);
			name = Frameworks;
			sourceTree = "<group>";
		};
		3F0173642579E7CE006CC316 /* userAuthentication */ = {
			isa = PBXGroup;
			children = (
				3F0173652579E808006CC316 /* RegisterViewController.swift */,
				3F0173682579FD07006CC316 /* LoginViewController.swift */,
			);
			path = userAuthentication;
			sourceTree = "<group>";
		};
		3FC8C5B9257AE0F70006A932 /* BMI */ = {
			isa = PBXGroup;
			children = (
				3FC8C5C4257AEA740006A932 /* BMIViewController.swift */,
				3FC8C5C9257B12590006A932 /* SecondViewController.swift */,
			);
			path = BMI;
			sourceTree = "<group>";
		};
		4643CA5925B8FDFF00A29078 /* CovidGainsUITests */ = {
			isa = PBXGroup;
			children = (
				4643CA5A25B8FDFF00A29078 /* CovidGainsUITests.swift */,
				4643CA5C25B8FDFF00A29078 /* Info.plist */,
			);
			path = CovidGainsUITests;
			sourceTree = "<group>";
		};
		64CDCDE825C37D48005E552B /* Other */ = {
			isa = PBXGroup;
			children = (
				D8CCC898250ED1D10005C4B3 /* Main.storyboard */,
				D8CCC896250ED1D10005C4B3 /* ViewController.swift */,
				D8CCC894250ED1D10005C4B3 /* SceneDelegate.swift */,
				D8CCC892250ED1D10005C4B3 /* AppDelegate.swift */,
				D890620F2579ADC40062A2DC /* GoogleService-Info.plist */,
			);
			path = Other;
			sourceTree = "<group>";
		};
		64CE591625C5D43E00E3CEC9 /* CovidGainsTests */ = {
			isa = PBXGroup;
			children = (
				64CE591725C5D43E00E3CEC9 /* CovidGainsTests.swift */,
				64CE592325C5EF1000E3CEC9 /* TestNotesTableViewController.swift */,
				64CE591925C5D43E00E3CEC9 /* Info.plist */,
			);
			path = CovidGainsTests;
			sourceTree = "<group>";
		};
		D8A30D79257722260011EDB7 /* coreData */ = {
			isa = PBXGroup;
			children = (
				D8DD73DC257553F30047EDDB /* noteSaving.xcdatamodeld */,
			);
			path = coreData;
			sourceTree = "<group>";
		};
		D8A30DB125776DCA0011EDB7 /* Recipe */ = {
			isa = PBXGroup;
			children = (
				3FAAB7E225D74FAA0050193F /* RecipeTableView.swift */,
				3FAAB7FB25D851970050193F /* RecipeDetailViewController.swift */,
			);
			path = Recipe;
			sourceTree = "<group>";
		};
		D8A30DB225776DD20011EDB7 /* Expiry */ = {
			isa = PBXGroup;
			children = (
				D8292890258A716400D75DBA /* NotificationTableViewController.swift */,
				D8292894258AD43500D75DBA /* DetailViewController.swift */,
				D8292892258A743000D75DBA /* AddViewController.swift */,
			);
			path = Expiry;
			sourceTree = "<group>";
		};
		D8A30DB325776DE50011EDB7 /* Notes */ = {
			isa = PBXGroup;
			children = (
				D893521A2579620E005F2F4C /* NotesTableViewController.swift */,
				D893521C2579688B005F2F4C /* EditNoteViewController.swift */,
			);
			path = Notes;
			sourceTree = "<group>";
		};
		D8CCC886250ED1D10005C4B3 = {
			isa = PBXGroup;
			children = (
				D8CCC891250ED1D10005C4B3 /* CovidGains */,
				4643CA5925B8FDFF00A29078 /* CovidGainsUITests */,
				64CE591625C5D43E00E3CEC9 /* CovidGainsTests */,
				3C8735CF74233EDC8E9B230D /* Frameworks */,
				FF142B31233B71BEF1DC3474 /* Pods */,
				D8CCC890250ED1D10005C4B3 /* Products */,
				D80CBB6225799EDE00841B25 /* Podfile */,
				64CE591025C5D32200E3CEC9 /* CovidGains copy-Info.plist */,
			);
			sourceTree = "<group>";
		};
		D8CCC890250ED1D10005C4B3 /* Products */ = {
			isa = PBXGroup;
			children = (
				D8CCC88F250ED1D10005C4B3 /* CovidGains.app */,
				4643CA5825B8FDFF00A29078 /* CovidGainsUITests.xctest */,
				64CE591525C5D43E00E3CEC9 /* CovidGainsTests.xctest */,
			);
			name = Products;
			sourceTree = "<group>";
		};
		D8CCC891250ED1D10005C4B3 /* CovidGains */ = {
			isa = PBXGroup;
			children = (
				D8A30DB225776DD20011EDB7 /* Expiry */,
				D8A30DB125776DCA0011EDB7 /* Recipe */,
				D8A30DB325776DE50011EDB7 /* Notes */,
				3FC8C5B9257AE0F70006A932 /* BMI */,
				3F0173642579E7CE006CC316 /* userAuthentication */,
				E1C8D7C8257AA27600F6833C /* Budget */,
				64CDCDE825C37D48005E552B /* Other */,
				D8A30D79257722260011EDB7 /* coreData */,
				D8CCC89B250ED1D30005C4B3 /* Assets.xcassets */,
				D8CCC8A0250ED1D30005C4B3 /* Info.plist */,
			);
			path = CovidGains;
			sourceTree = "<group>";
		};
		E1C8D7C8257AA27600F6833C /* Budget */ = {
			isa = PBXGroup;
			children = (
				E1C8D7C9257AA28800F6833C /* BudgetViewController.swift */,
				D88D259225EB424E0020A30A /* AddNewBudgetViewController.swift */,
			);
			path = Budget;
			sourceTree = "<group>";
		};
		FF142B31233B71BEF1DC3474 /* Pods */ = {
			isa = PBXGroup;
			children = (
				7EA0B37E93DC36D2EADDC86C /* Pods-CovidGains.debug.xcconfig */,
				D29E1844A857054081D81DAE /* Pods-CovidGains.release.xcconfig */,
			);
			path = Pods;
			sourceTree = "<group>";
		};
/* End PBXGroup section */

/* Begin PBXNativeTarget section */
		4643CA5725B8FDFF00A29078 /* CovidGainsUITests */ = {
			isa = PBXNativeTarget;
			buildConfigurationList = 4643CA6125B8FDFF00A29078 /* Build configuration list for PBXNativeTarget "CovidGainsUITests" */;
			buildPhases = (
				4643CA5425B8FDFF00A29078 /* Sources */,
				4643CA5525B8FDFF00A29078 /* Frameworks */,
				4643CA5625B8FDFF00A29078 /* Resources */,
			);
			buildRules = (
			);
			dependencies = (
				4643CA5E25B8FDFF00A29078 /* PBXTargetDependency */,
			);
			name = CovidGainsUITests;
			productName = CovidGainsUITests;
			productReference = 4643CA5825B8FDFF00A29078 /* CovidGainsUITests.xctest */;
			productType = "com.apple.product-type.bundle.ui-testing";
		};
		64CE591425C5D43E00E3CEC9 /* CovidGainsTests */ = {
			isa = PBXNativeTarget;
			buildConfigurationList = 64CE591C25C5D43E00E3CEC9 /* Build configuration list for PBXNativeTarget "CovidGainsTests" */;
			buildPhases = (
				64CE591125C5D43E00E3CEC9 /* Sources */,
				64CE591225C5D43E00E3CEC9 /* Frameworks */,
				64CE591325C5D43E00E3CEC9 /* Resources */,
			);
			buildRules = (
			);
			dependencies = (
				64CE591B25C5D43E00E3CEC9 /* PBXTargetDependency */,
			);
			name = CovidGainsTests;
			productName = CovidGainsTests;
			productReference = 64CE591525C5D43E00E3CEC9 /* CovidGainsTests.xctest */;
			productType = "com.apple.product-type.bundle.unit-test";
		};
		D8CCC88E250ED1D10005C4B3 /* CovidGains */ = {
			isa = PBXNativeTarget;
			buildConfigurationList = D8CCC8A3250ED1D30005C4B3 /* Build configuration list for PBXNativeTarget "CovidGains" */;
			buildPhases = (
				387697EC0DEE71BBA1C21857 /* [CP] Check Pods Manifest.lock */,
				D8CCC88B250ED1D10005C4B3 /* Sources */,
				D8CCC88C250ED1D10005C4B3 /* Frameworks */,
				D8CCC88D250ED1D10005C4B3 /* Resources */,
				46D9B295F290AD8174404A42 /* [CP] Embed Pods Frameworks */,
			);
			buildRules = (
			);
			dependencies = (
			);
			name = CovidGains;
			productName = CovidGains;
			productReference = D8CCC88F250ED1D10005C4B3 /* CovidGains.app */;
			productType = "com.apple.product-type.application";
		};
/* End PBXNativeTarget section */

/* Begin PBXProject section */
		D8CCC887250ED1D10005C4B3 /* Project object */ = {
			isa = PBXProject;
			attributes = {
				LastSwiftUpdateCheck = 1170;
				LastUpgradeCheck = 1170;
				TargetAttributes = {
					4643CA5725B8FDFF00A29078 = {
						CreatedOnToolsVersion = 11.7;
						TestTargetID = D8CCC88E250ED1D10005C4B3;
					};
					64CE591425C5D43E00E3CEC9 = {
						CreatedOnToolsVersion = 11.7;
						TestTargetID = D8CCC88E250ED1D10005C4B3;
					};
					D8CCC88E250ED1D10005C4B3 = {
						CreatedOnToolsVersion = 11.7;
					};
				};
			};
			buildConfigurationList = D8CCC88A250ED1D10005C4B3 /* Build configuration list for PBXProject "CovidGains" */;
			compatibilityVersion = "Xcode 9.3";
			developmentRegion = en;
			hasScannedForEncodings = 0;
			knownRegions = (
				en,
				Base,
			);
			mainGroup = D8CCC886250ED1D10005C4B3;
			productRefGroup = D8CCC890250ED1D10005C4B3 /* Products */;
			projectDirPath = "";
			projectRoot = "";
			targets = (
				D8CCC88E250ED1D10005C4B3 /* CovidGains */,
				4643CA5725B8FDFF00A29078 /* CovidGainsUITests */,
				64CE591425C5D43E00E3CEC9 /* CovidGainsTests */,
			);
		};
/* End PBXProject section */

/* Begin PBXResourcesBuildPhase section */
		4643CA5625B8FDFF00A29078 /* Resources */ = {
			isa = PBXResourcesBuildPhase;
			buildActionMask = 2147483647;
			files = (
			);
			runOnlyForDeploymentPostprocessing = 0;
		};
		64CE591325C5D43E00E3CEC9 /* Resources */ = {
			isa = PBXResourcesBuildPhase;
			buildActionMask = 2147483647;
			files = (
			);
			runOnlyForDeploymentPostprocessing = 0;
		};
		D8CCC88D250ED1D10005C4B3 /* Resources */ = {
			isa = PBXResourcesBuildPhase;
			buildActionMask = 2147483647;
			files = (
				D8CCC89C250ED1D30005C4B3 /* Assets.xcassets in Resources */,
				D89062102579ADC40062A2DC /* GoogleService-Info.plist in Resources */,
				D8CCC89A250ED1D10005C4B3 /* Main.storyboard in Resources */,
				D80CBB6325799EDE00841B25 /* Podfile in Resources */,
			);
			runOnlyForDeploymentPostprocessing = 0;
		};
/* End PBXResourcesBuildPhase section */

/* Begin PBXShellScriptBuildPhase section */
		387697EC0DEE71BBA1C21857 /* [CP] Check Pods Manifest.lock */ = {
			isa = PBXShellScriptBuildPhase;
			buildActionMask = 2147483647;
			files = (
			);
			inputFileListPaths = (
			);
			inputPaths = (
				"${PODS_PODFILE_DIR_PATH}/Podfile.lock",
				"${PODS_ROOT}/Manifest.lock",
			);
			name = "[CP] Check Pods Manifest.lock";
			outputFileListPaths = (
			);
			outputPaths = (
				"$(DERIVED_FILE_DIR)/Pods-CovidGains-checkManifestLockResult.txt",
			);
			runOnlyForDeploymentPostprocessing = 0;
			shellPath = /bin/sh;
			shellScript = "diff \"${PODS_PODFILE_DIR_PATH}/Podfile.lock\" \"${PODS_ROOT}/Manifest.lock\" > /dev/null\nif [ $? != 0 ] ; then\n    # print error to STDERR\n    echo \"error: The sandbox is not in sync with the Podfile.lock. Run 'pod install' or update your CocoaPods installation.\" >&2\n    exit 1\nfi\n# This output is used by Xcode 'outputs' to avoid re-running this script phase.\necho \"SUCCESS\" > \"${SCRIPT_OUTPUT_FILE_0}\"\n";
			showEnvVarsInLog = 0;
		};
		46D9B295F290AD8174404A42 /* [CP] Embed Pods Frameworks */ = {
			isa = PBXShellScriptBuildPhase;
			buildActionMask = 2147483647;
			files = (
			);
			inputFileListPaths = (
				"${PODS_ROOT}/Target Support Files/Pods-CovidGains/Pods-CovidGains-frameworks-${CONFIGURATION}-input-files.xcfilelist",
			);
			name = "[CP] Embed Pods Frameworks";
			outputFileListPaths = (
				"${PODS_ROOT}/Target Support Files/Pods-CovidGains/Pods-CovidGains-frameworks-${CONFIGURATION}-output-files.xcfilelist",
			);
			runOnlyForDeploymentPostprocessing = 0;
			shellPath = /bin/sh;
			shellScript = "\"${PODS_ROOT}/Target Support Files/Pods-CovidGains/Pods-CovidGains-frameworks.sh\"\n";
			showEnvVarsInLog = 0;
		};
/* End PBXShellScriptBuildPhase section */

/* Begin PBXSourcesBuildPhase section */
		4643CA5425B8FDFF00A29078 /* Sources */ = {
			isa = PBXSourcesBuildPhase;
			buildActionMask = 2147483647;
			files = (
				4643CA5B25B8FDFF00A29078 /* CovidGainsUITests.swift in Sources */,
			);
			runOnlyForDeploymentPostprocessing = 0;
		};
		64CE591125C5D43E00E3CEC9 /* Sources */ = {
			isa = PBXSourcesBuildPhase;
			buildActionMask = 2147483647;
			files = (
				64CE591825C5D43E00E3CEC9 /* CovidGainsTests.swift in Sources */,
				64CE592425C5EF1000E3CEC9 /* TestNotesTableViewController.swift in Sources */,
			);
			runOnlyForDeploymentPostprocessing = 0;
		};
		D8CCC88B250ED1D10005C4B3 /* Sources */ = {
			isa = PBXSourcesBuildPhase;
			buildActionMask = 2147483647;
			files = (
				D8292891258A716400D75DBA /* NotificationTableViewController.swift in Sources */,
				3F0173692579FD07006CC316 /* LoginViewController.swift in Sources */,
				3FAAB7E325D74FAA0050193F /* RecipeTableView.swift in Sources */,
				3FC8C5CA257B125A0006A932 /* SecondViewController.swift in Sources */,
				D893521B2579620E005F2F4C /* NotesTableViewController.swift in Sources */,
				D8CCC897250ED1D10005C4B3 /* ViewController.swift in Sources */,
				D8CCC893250ED1D10005C4B3 /* AppDelegate.swift in Sources */,
				D8292895258AD43500D75DBA /* DetailViewController.swift in Sources */,
				D88D259325EB424E0020A30A /* AddNewBudgetViewController.swift in Sources */,
				D8292893258A743000D75DBA /* AddViewController.swift in Sources */,
				E1C8D7CA257AA28800F6833C /* BudgetViewController.swift in Sources */,
				3FAAB7FC25D851970050193F /* RecipeDetailViewController.swift in Sources */,
				3FC8C5C5257AEA740006A932 /* BMIViewController.swift in Sources */,
				D8CCC895250ED1D10005C4B3 /* SceneDelegate.swift in Sources */,
				3F0173662579E808006CC316 /* RegisterViewController.swift in Sources */,
				D893521D2579688B005F2F4C /* EditNoteViewController.swift in Sources */,
				D8DD73DE257553F30047EDDB /* noteSaving.xcdatamodeld in Sources */,
			);
			runOnlyForDeploymentPostprocessing = 0;
		};
/* End PBXSourcesBuildPhase section */

/* Begin PBXTargetDependency section */
		4643CA5E25B8FDFF00A29078 /* PBXTargetDependency */ = {
			isa = PBXTargetDependency;
			target = D8CCC88E250ED1D10005C4B3 /* CovidGains */;
			targetProxy = 4643CA5D25B8FDFF00A29078 /* PBXContainerItemProxy */;
		};
		64CE591B25C5D43E00E3CEC9 /* PBXTargetDependency */ = {
			isa = PBXTargetDependency;
			target = D8CCC88E250ED1D10005C4B3 /* CovidGains */;
			targetProxy = 64CE591A25C5D43E00E3CEC9 /* PBXContainerItemProxy */;
		};
/* End PBXTargetDependency section */

/* Begin PBXVariantGroup section */
		D8CCC898250ED1D10005C4B3 /* Main.storyboard */ = {
			isa = PBXVariantGroup;
			children = (
				D8CCC899250ED1D10005C4B3 /* Base */,
			);
			name = Main.storyboard;
			sourceTree = "<group>";
		};
/* End PBXVariantGroup section */

/* Begin XCBuildConfiguration section */
		4643CA5F25B8FDFF00A29078 /* Debug */ = {
			isa = XCBuildConfiguration;
			buildSettings = {
				CODE_SIGN_STYLE = Automatic;
				INFOPLIST_FILE = CovidGainsUITests/Info.plist;
				LD_RUNPATH_SEARCH_PATHS = (
					"$(inherited)",
					"@executable_path/Frameworks",
					"@loader_path/Frameworks",
				);
				PRODUCT_BUNDLE_IDENTIFIER = CovidGains.CovidGainsUITests;
				PRODUCT_NAME = "$(TARGET_NAME)";
				SWIFT_VERSION = 5.0;
				TARGETED_DEVICE_FAMILY = "1,2";
				TEST_TARGET_NAME = CovidGains;
			};
			name = Debug;
		};
		4643CA6025B8FDFF00A29078 /* Release */ = {
			isa = XCBuildConfiguration;
			buildSettings = {
				CODE_SIGN_STYLE = Automatic;
				INFOPLIST_FILE = CovidGainsUITests/Info.plist;
				LD_RUNPATH_SEARCH_PATHS = (
					"$(inherited)",
					"@executable_path/Frameworks",
					"@loader_path/Frameworks",
				);
				PRODUCT_BUNDLE_IDENTIFIER = CovidGains.CovidGainsUITests;
				PRODUCT_NAME = "$(TARGET_NAME)";
				SWIFT_VERSION = 5.0;
				TARGETED_DEVICE_FAMILY = "1,2";
				TEST_TARGET_NAME = CovidGains;
			};
			name = Release;
		};
		64CE591D25C5D43E00E3CEC9 /* Debug */ = {
			isa = XCBuildConfiguration;
			buildSettings = {
				BUNDLE_LOADER = "$(TEST_HOST)";
				CODE_SIGN_STYLE = Automatic;
				DEVELOPMENT_TEAM = 326AQ75LT7;
				"HEADER_SEARCH_PATHS[arch=*]" = (
					"$(SRCROOT)/Pods/**",
					"${PODS_ROOT}/Firebase/Core/Sources",
				);
				INFOPLIST_FILE = CovidGainsTests/Info.plist;
				LD_RUNPATH_SEARCH_PATHS = (
					"$(inherited)",
					"@executable_path/Frameworks",
					"@loader_path/Frameworks",
				);
				PRODUCT_BUNDLE_IDENTIFIER = uofscapps.CovidGainsTests;
				PRODUCT_NAME = "$(TARGET_NAME)";
				SWIFT_VERSION = 5.0;
				TARGETED_DEVICE_FAMILY = "1,2";
				TEST_HOST = "$(BUILT_PRODUCTS_DIR)/CovidGains.app/CovidGains";
			};
			name = Debug;
		};
		64CE591E25C5D43E00E3CEC9 /* Release */ = {
			isa = XCBuildConfiguration;
			buildSettings = {
				BUNDLE_LOADER = "$(TEST_HOST)";
				CODE_SIGN_STYLE = Automatic;
				DEVELOPMENT_TEAM = 326AQ75LT7;
				"HEADER_SEARCH_PATHS[arch=*]" = (
					"$(SRCROOT)/Pods/**",
					"${PODS_ROOT}/Firebase/Core/Sources",
				);
				INFOPLIST_FILE = CovidGainsTests/Info.plist;
				LD_RUNPATH_SEARCH_PATHS = (
					"$(inherited)",
					"@executable_path/Frameworks",
					"@loader_path/Frameworks",
				);
				PRODUCT_BUNDLE_IDENTIFIER = uofscapps.CovidGainsTests;
				PRODUCT_NAME = "$(TARGET_NAME)";
				SWIFT_VERSION = 5.0;
				TARGETED_DEVICE_FAMILY = "1,2";
				TEST_HOST = "$(BUILT_PRODUCTS_DIR)/CovidGains.app/CovidGains";
			};
			name = Release;
		};
		D8CCC8A1250ED1D30005C4B3 /* Debug */ = {
			isa = XCBuildConfiguration;
			buildSettings = {
				ALWAYS_SEARCH_USER_PATHS = NO;
				CLANG_ANALYZER_NONNULL = YES;
				CLANG_ANALYZER_NUMBER_OBJECT_CONVERSION = YES_AGGRESSIVE;
				CLANG_CXX_LANGUAGE_STANDARD = "gnu++14";
				CLANG_CXX_LIBRARY = "libc++";
				CLANG_ENABLE_MODULES = YES;
				CLANG_ENABLE_OBJC_ARC = YES;
				CLANG_ENABLE_OBJC_WEAK = YES;
				CLANG_WARN_BLOCK_CAPTURE_AUTORELEASING = YES;
				CLANG_WARN_BOOL_CONVERSION = YES;
				CLANG_WARN_COMMA = YES;
				CLANG_WARN_CONSTANT_CONVERSION = YES;
				CLANG_WARN_DEPRECATED_OBJC_IMPLEMENTATIONS = YES;
				CLANG_WARN_DIRECT_OBJC_ISA_USAGE = YES_ERROR;
				CLANG_WARN_DOCUMENTATION_COMMENTS = YES;
				CLANG_WARN_EMPTY_BODY = YES;
				CLANG_WARN_ENUM_CONVERSION = YES;
				CLANG_WARN_INFINITE_RECURSION = YES;
				CLANG_WARN_INT_CONVERSION = YES;
				CLANG_WARN_NON_LITERAL_NULL_CONVERSION = YES;
				CLANG_WARN_OBJC_IMPLICIT_RETAIN_SELF = YES;
				CLANG_WARN_OBJC_LITERAL_CONVERSION = YES;
				CLANG_WARN_OBJC_ROOT_CLASS = YES_ERROR;
				CLANG_WARN_RANGE_LOOP_ANALYSIS = YES;
				CLANG_WARN_STRICT_PROTOTYPES = YES;
				CLANG_WARN_SUSPICIOUS_MOVE = YES;
				CLANG_WARN_UNGUARDED_AVAILABILITY = YES_AGGRESSIVE;
				CLANG_WARN_UNREACHABLE_CODE = YES;
				CLANG_WARN__DUPLICATE_METHOD_MATCH = YES;
				COPY_PHASE_STRIP = NO;
				DEBUG_INFORMATION_FORMAT = dwarf;
				ENABLE_STRICT_OBJC_MSGSEND = YES;
				ENABLE_TESTABILITY = YES;
				GCC_C_LANGUAGE_STANDARD = gnu11;
				GCC_DYNAMIC_NO_PIC = NO;
				GCC_NO_COMMON_BLOCKS = YES;
				GCC_OPTIMIZATION_LEVEL = 0;
				GCC_PREPROCESSOR_DEFINITIONS = (
					"DEBUG=1",
					"$(inherited)",
				);
				GCC_WARN_64_TO_32_BIT_CONVERSION = YES;
				GCC_WARN_ABOUT_RETURN_TYPE = YES_ERROR;
				GCC_WARN_UNDECLARED_SELECTOR = YES;
				GCC_WARN_UNINITIALIZED_AUTOS = YES_AGGRESSIVE;
				GCC_WARN_UNUSED_FUNCTION = YES;
				GCC_WARN_UNUSED_VARIABLE = YES;
				IPHONEOS_DEPLOYMENT_TARGET = 13.7;
				MTL_ENABLE_DEBUG_INFO = INCLUDE_SOURCE;
				MTL_FAST_MATH = YES;
				ONLY_ACTIVE_ARCH = YES;
				SDKROOT = iphoneos;
				SWIFT_ACTIVE_COMPILATION_CONDITIONS = DEBUG;
				SWIFT_OPTIMIZATION_LEVEL = "-Onone";
			};
			name = Debug;
		};
		D8CCC8A2250ED1D30005C4B3 /* Release */ = {
			isa = XCBuildConfiguration;
			buildSettings = {
				ALWAYS_SEARCH_USER_PATHS = NO;
				CLANG_ANALYZER_NONNULL = YES;
				CLANG_ANALYZER_NUMBER_OBJECT_CONVERSION = YES_AGGRESSIVE;
				CLANG_CXX_LANGUAGE_STANDARD = "gnu++14";
				CLANG_CXX_LIBRARY = "libc++";
				CLANG_ENABLE_MODULES = YES;
				CLANG_ENABLE_OBJC_ARC = YES;
				CLANG_ENABLE_OBJC_WEAK = YES;
				CLANG_WARN_BLOCK_CAPTURE_AUTORELEASING = YES;
				CLANG_WARN_BOOL_CONVERSION = YES;
				CLANG_WARN_COMMA = YES;
				CLANG_WARN_CONSTANT_CONVERSION = YES;
				CLANG_WARN_DEPRECATED_OBJC_IMPLEMENTATIONS = YES;
				CLANG_WARN_DIRECT_OBJC_ISA_USAGE = YES_ERROR;
				CLANG_WARN_DOCUMENTATION_COMMENTS = YES;
				CLANG_WARN_EMPTY_BODY = YES;
				CLANG_WARN_ENUM_CONVERSION = YES;
				CLANG_WARN_INFINITE_RECURSION = YES;
				CLANG_WARN_INT_CONVERSION = YES;
				CLANG_WARN_NON_LITERAL_NULL_CONVERSION = YES;
				CLANG_WARN_OBJC_IMPLICIT_RETAIN_SELF = YES;
				CLANG_WARN_OBJC_LITERAL_CONVERSION = YES;
				CLANG_WARN_OBJC_ROOT_CLASS = YES_ERROR;
				CLANG_WARN_RANGE_LOOP_ANALYSIS = YES;
				CLANG_WARN_STRICT_PROTOTYPES = YES;
				CLANG_WARN_SUSPICIOUS_MOVE = YES;
				CLANG_WARN_UNGUARDED_AVAILABILITY = YES_AGGRESSIVE;
				CLANG_WARN_UNREACHABLE_CODE = YES;
				CLANG_WARN__DUPLICATE_METHOD_MATCH = YES;
				COPY_PHASE_STRIP = NO;
				DEBUG_INFORMATION_FORMAT = "dwarf-with-dsym";
				ENABLE_NS_ASSERTIONS = NO;
				ENABLE_STRICT_OBJC_MSGSEND = YES;
				GCC_C_LANGUAGE_STANDARD = gnu11;
				GCC_NO_COMMON_BLOCKS = YES;
				GCC_WARN_64_TO_32_BIT_CONVERSION = YES;
				GCC_WARN_ABOUT_RETURN_TYPE = YES_ERROR;
				GCC_WARN_UNDECLARED_SELECTOR = YES;
				GCC_WARN_UNINITIALIZED_AUTOS = YES_AGGRESSIVE;
				GCC_WARN_UNUSED_FUNCTION = YES;
				GCC_WARN_UNUSED_VARIABLE = YES;
				IPHONEOS_DEPLOYMENT_TARGET = 13.7;
				MTL_ENABLE_DEBUG_INFO = NO;
				MTL_FAST_MATH = YES;
				SDKROOT = iphoneos;
				SWIFT_COMPILATION_MODE = wholemodule;
				SWIFT_OPTIMIZATION_LEVEL = "-O";
				VALIDATE_PRODUCT = YES;
			};
			name = Release;
		};
		D8CCC8A4250ED1D30005C4B3 /* Debug */ = {
			isa = XCBuildConfiguration;
			baseConfigurationReference = 7EA0B37E93DC36D2EADDC86C /* Pods-CovidGains.debug.xcconfig */;
			buildSettings = {
				ASSETCATALOG_COMPILER_APPICON_NAME = AppIcon;
				CODE_SIGN_STYLE = Automatic;
				DEVELOPMENT_TEAM = 326AQ75LT7;
				INFOPLIST_FILE = CovidGains/Info.plist;
				LD_RUNPATH_SEARCH_PATHS = (
					"$(inherited)",
					"@executable_path/Frameworks",
				);
				MARKETING_VERSION = 1.0.3;
				PRODUCT_BUNDLE_IDENTIFIER = com.covidgains.CovidGains;
				PRODUCT_NAME = "$(TARGET_NAME)";
				SWIFT_VERSION = 5.0;
				TARGETED_DEVICE_FAMILY = "1,2";
			};
			name = Debug;
		};
		D8CCC8A5250ED1D30005C4B3 /* Release */ = {
			isa = XCBuildConfiguration;
			baseConfigurationReference = D29E1844A857054081D81DAE /* Pods-CovidGains.release.xcconfig */;
			buildSettings = {
				ASSETCATALOG_COMPILER_APPICON_NAME = AppIcon;
				CODE_SIGN_STYLE = Automatic;
				DEVELOPMENT_TEAM = 326AQ75LT7;
				INFOPLIST_FILE = CovidGains/Info.plist;
				LD_RUNPATH_SEARCH_PATHS = (
					"$(inherited)",
					"@executable_path/Frameworks",
				);
				MARKETING_VERSION = 1.0.3;
				PRODUCT_BUNDLE_IDENTIFIER = com.covidgains.CovidGains;
				PRODUCT_NAME = "$(TARGET_NAME)";
				SWIFT_VERSION = 5.0;
				TARGETED_DEVICE_FAMILY = "1,2";
			};
			name = Release;
		};
/* End XCBuildConfiguration section */

/* Begin XCConfigurationList section */
		4643CA6125B8FDFF00A29078 /* Build configuration list for PBXNativeTarget "CovidGainsUITests" */ = {
			isa = XCConfigurationList;
			buildConfigurations = (
				4643CA5F25B8FDFF00A29078 /* Debug */,
				4643CA6025B8FDFF00A29078 /* Release */,
			);
			defaultConfigurationIsVisible = 0;
			defaultConfigurationName = Release;
		};
		64CE591C25C5D43E00E3CEC9 /* Build configuration list for PBXNativeTarget "CovidGainsTests" */ = {
			isa = XCConfigurationList;
			buildConfigurations = (
				64CE591D25C5D43E00E3CEC9 /* Debug */,
				64CE591E25C5D43E00E3CEC9 /* Release */,
			);
			defaultConfigurationIsVisible = 0;
			defaultConfigurationName = Release;
		};
		D8CCC88A250ED1D10005C4B3 /* Build configuration list for PBXProject "CovidGains" */ = {
			isa = XCConfigurationList;
			buildConfigurations = (
				D8CCC8A1250ED1D30005C4B3 /* Debug */,
				D8CCC8A2250ED1D30005C4B3 /* Release */,
			);
			defaultConfigurationIsVisible = 0;
			defaultConfigurationName = Release;
		};
		D8CCC8A3250ED1D30005C4B3 /* Build configuration list for PBXNativeTarget "CovidGains" */ = {
			isa = XCConfigurationList;
			buildConfigurations = (
				D8CCC8A4250ED1D30005C4B3 /* Debug */,
				D8CCC8A5250ED1D30005C4B3 /* Release */,
			);
			defaultConfigurationIsVisible = 0;
			defaultConfigurationName = Release;
		};
/* End XCConfigurationList section */

/* Begin XCVersionGroup section */
		D8DD73DC257553F30047EDDB /* noteSaving.xcdatamodeld */ = {
			isa = XCVersionGroup;
			children = (
				D8DD73DD257553F30047EDDB /* noteSaving.xcdatamodel */,
			);
			currentVersion = D8DD73DD257553F30047EDDB /* noteSaving.xcdatamodel */;
			path = noteSaving.xcdatamodeld;
			sourceTree = "<group>";
			versionGroupType = wrapper.xcdatamodel;
		};
/* End XCVersionGroup section */
	};
	rootObject = D8CCC887250ED1D10005C4B3 /* Project object */;
}
